
Microsoft Visual Studio Solution File, Format Version 12.00
# Visual Studio 15
VisualStudioVersion = 15.0.28307.572
MinimumVisualStudioVersion = 10.0.40219.1
Project("{FAE04EC0-301F-11D3-BF4B-00C04F79EFBC}") = "CmsSkipCaseOpening", "CmsSkipCaseOpening.csproj", "{0456FE24-013F-430A-A0DD-B3DD7EF5B3DF}"
EndProject
Global
	GlobalSection(SolutionConfigurationPlatforms) = preSolution
		Debug|Any CPU = Debug|Any CPU
		Release|Any CPU = Release|Any CPU
	EndGlobalSection
	GlobalSection(ProjectConfigurationPlatforms) = postSolution
		{0456FE24-013F-430A-A0DD-B3DD7EF5B3DF}.Debug|Any CPU.ActiveCfg = Debug|Any CPU
		{0456FE24-013F-430A-A0DD-B3DD7EF5B3DF}.Debug|Any CPU.Build.0 = Debug|Any CPU
		{0456FE24-013F-430A-A0DD-B3DD7EF5B3DF}.Release|Any CPU.ActiveCfg = Release|Any CPU
		{0456FE24-013F-430A-A0DD-B3DD7EF5B3DF}.Release|Any CPU.Build.0 = Release|Any CPU
	EndGlobalSection
	GlobalSection(SolutionProperties) = preSolution
		HideSolutionNode = FALSE
	EndGlobalSection
	GlobalSection(ExtensibilityGlobals) = postSolution
		SolutionGuid = {6CC9279D-6C00-4C3E-BB04-079611FD58C9}
	EndGlobalSection
EndGlobal
